
Microsoft Visual Studio Solution File, Format Version 12.00
# Visual Studio 15
VisualStudioVersion = 15.0.28010.2016
MinimumVisualStudioVersion = 10.0.40219.1
Project("{FAE04EC0-301F-11D3-BF4B-00C04F79EFBC}") = "MultiXMLSerializer", "MultiXMLSerializer\MultiXMLSerializer.csproj", "{DC79A065-C1A6-4BB5-8B60-F9D939ADFF7D}"
EndProject
Global
	GlobalSection(SolutionConfigurationPlatforms) = preSolution
		Debug|Any CPU = Debug|Any CPU
		Debug|x64 = Debug|x64
		Release|Any CPU = Release|Any CPU
		Release|x64 = Release|x64
	EndGlobalSection
	GlobalSection(ProjectConfigurationPlatforms) = postSolution
		{DC79A065-C1A6-4BB5-8B60-F9D939ADFF7D}.Debug|Any CPU.ActiveCfg = Debug|Any CPU
		{DC79A065-C1A6-4BB5-8B60-F9D939ADFF7D}.Debug|Any CPU.Build.0 = Debug|Any CPU
		{DC79A065-C1A6-4BB5-8B60-F9D939ADFF7D}.Debug|x64.ActiveCfg = Debug|x64
		{DC79A065-C1A6-4BB5-8B60-F9D939ADFF7D}.Debug|x64.Build.0 = Debug|x64
		{DC79A065-C1A6-4BB5-8B60-F9D939ADFF7D}.Release|Any CPU.ActiveCfg = Release|Any CPU
		{DC79A065-C1A6-4BB5-8B60-F9D939ADFF7D}.Release|Any CPU.Build.0 = Release|Any CPU
		{DC79A065-C1A6-4BB5-8B60-F9D939ADFF7D}.Release|x64.ActiveCfg = Release|x64
		{DC79A065-C1A6-4BB5-8B60-F9D939ADFF7D}.Release|x64.Build.0 = Release|x64
	EndGlobalSection
	GlobalSection(SolutionProperties) = preSolution
		HideSolutionNode = FALSE
	EndGlobalSection
	GlobalSection(ExtensibilityGlobals) = postSolution
		SolutionGuid = {567B714A-838A-48A8-A486-C5D7FB58E984}
	EndGlobalSection
EndGlobal
